
Microsoft Visual Studio Solution File, Format Version 12.00
# Visual Studio Version 17
VisualStudioVersion = 17.3.32825.248
MinimumVisualStudioVersion = 10.0.40219.1
Project("{FAE04EC0-301F-11D3-BF4B-00C04F79EFBC}") = "111-1PC4", "111-1PC4\111-1PC4.csproj", "{DB1AC1AE-CBA6-403A-A6A8-5FF10AB2E721}"
EndProject
Global
	GlobalSection(SolutionConfigurationPlatforms) = preSolution
		Debug|Any CPU = Debug|Any CPU
		Release|Any CPU = Release|Any CPU
	EndGlobalSection
	GlobalSection(ProjectConfigurationPlatforms) = postSolution
		{DB1AC1AE-CBA6-403A-A6A8-5FF10AB2E721}.Debug|Any CPU.ActiveCfg = Debug|Any CPU
		{DB1AC1AE-CBA6-403A-A6A8-5FF10AB2E721}.Debug|Any CPU.Build.0 = Debug|Any CPU
		{DB1AC1AE-CBA6-403A-A6A8-5FF10AB2E721}.Release|Any CPU.ActiveCfg = Release|Any CPU
		{DB1AC1AE-CBA6-403A-A6A8-5FF10AB2E721}.Release|Any CPU.Build.0 = Release|Any CPU
	EndGlobalSection
	GlobalSection(SolutionProperties) = preSolution
		HideSolutionNode = FALSE
	EndGlobalSection
	GlobalSection(ExtensibilityGlobals) = postSolution
		SolutionGuid = {F7EA9BC7-DAF2-4440-8634-EB05E711A5C5}
	EndGlobalSection
EndGlobal
